
Microsoft Visual Studio Solution File, Format Version 12.00
# Visual Studio Version 17
VisualStudioVersion = 17.4.33213.308
MinimumVisualStudioVersion = 10.0.40219.1
Project("{9A19103F-16F7-4668-BE54-9A1E7A4F7556}") = "LudariMS", "LudariMS.csproj", "{4CA21604-C36E-412F-8D7F-C71B0FB6D7FE}"
EndProject
Project("{54435603-DBB4-11D2-8724-00A0C9A8B90C}") = "LudariSetup", "..\LudariSetup\LudariSetup.vdproj", "{E07756D3-5646-4222-A80B-E7CA603525D4}"
EndProject
Global
	GlobalSection(SolutionConfigurationPlatforms) = preSolution
		Debug|Any CPU = Debug|Any CPU
		Release|Any CPU = Release|Any CPU
	EndGlobalSection
	GlobalSection(ProjectConfigurationPlatforms) = postSolution
		{4CA21604-C36E-412F-8D7F-C71B0FB6D7FE}.Debug|Any CPU.ActiveCfg = Debug|Any CPU
		{4CA21604-C36E-412F-8D7F-C71B0FB6D7FE}.Debug|Any CPU.Build.0 = Debug|Any CPU
		{4CA21604-C36E-412F-8D7F-C71B0FB6D7FE}.Release|Any CPU.ActiveCfg = Release|Any CPU
		{4CA21604-C36E-412F-8D7F-C71B0FB6D7FE}.Release|Any CPU.Build.0 = Release|Any CPU
		{E07756D3-5646-4222-A80B-E7CA603525D4}.Debug|Any CPU.ActiveCfg = Debug
		{E07756D3-5646-4222-A80B-E7CA603525D4}.Release|Any CPU.ActiveCfg = Release
	EndGlobalSection
	GlobalSection(SolutionProperties) = preSolution
		HideSolutionNode = FALSE
	EndGlobalSection
	GlobalSection(ExtensibilityGlobals) = postSolution
		SolutionGuid = {330B23E3-57D6-4969-B75F-C6B7AB44CCA4}
	EndGlobalSection
EndGlobal
